
Microsoft Visual Studio Solution File, Format Version 12.00
# Visual Studio Version 17
VisualStudioVersion = 17.5.33516.290
MinimumVisualStudioVersion = 10.0.40219.1
Project("{FAE04EC0-301F-11D3-BF4B-00C04F79EFBC}") = "TourManagementSystem", "TourManagementSystem.csproj", "{D9BA5DB3-20BF-4E16-83C8-FE1889335162}"
EndProject
Global
	GlobalSection(SolutionConfigurationPlatforms) = preSolution
		Debug|Any CPU = Debug|Any CPU
		Release|Any CPU = Release|Any CPU
	EndGlobalSection
	GlobalSection(ProjectConfigurationPlatforms) = postSolution
		{D9BA5DB3-20BF-4E16-83C8-FE1889335162}.Debug|Any CPU.ActiveCfg = Debug|Any CPU
		{D9BA5DB3-20BF-4E16-83C8-FE1889335162}.Debug|Any CPU.Build.0 = Debug|Any CPU
		{D9BA5DB3-20BF-4E16-83C8-FE1889335162}.Release|Any CPU.ActiveCfg = Release|Any CPU
		{D9BA5DB3-20BF-4E16-83C8-FE1889335162}.Release|Any CPU.Build.0 = Release|Any CPU
	EndGlobalSection
	GlobalSection(SolutionProperties) = preSolution
		HideSolutionNode = FALSE
	EndGlobalSection
	GlobalSection(ExtensibilityGlobals) = postSolution
		SolutionGuid = {C3DFF9FA-B909-4A90-AD4A-29AE3B1E05C7}
	EndGlobalSection
EndGlobal
